<Solution>
  <Folder Name="/build/">
    <Project Path="build/Zipadee.Build/Zipadee.Build.csproj" />
  </Folder>
  <Folder Name="/src/">
    <Project Path="src/Zipadee.Vsix/Zipadee.Vsix.csproj" />
  </Folder>
  <Folder Name="/test/">
    <Project Path="test/Zipadee.Build.Tests/Zipadee.Build.Tests.csproj" />
  </Folder>
</Solution>
