<Solution>
  <Project Path="ConsoleApp/ConsoleApp.csproj" />
  <Project Path="ConsoleZip/ConsoleZip.zparchproj" Type="e05aa5a1-99d4-42dc-9d46-82ae1bdc5bab" Id="be0d9487-af1b-4516-95a8-b86b21e65449" />
  <Project Path="ConsoleRar/ConsoleRar.zparchproj" Type="e05aa5a1-99d4-42dc-9d46-82ae1bdc5bab" Id="cff439eb-0438-4784-8c3e-5c801b8a0c12" />
  <Project Path="ConsoleCab/ConsoleCab.zparchproj" Type="e05aa5a1-99d4-42dc-9d46-82ae1bdc5bab" Id="f2ea21a2-b735-4d0a-a148-37155b1fe62b" />
  <Project Path="ConsoleTar/ConsoleTar.zparchproj" Type="e05aa5a1-99d4-42dc-9d46-82ae1bdc5bab" Id="6f7fadf9-0c50-4721-8a4e-9b543d736348" />
  <Project Path="ConsoleGZip/ConsoleGZip.zparchproj" Type="e05aa5a1-99d4-42dc-9d46-82ae1bdc5bab" Id="e78fe75a-b470-4771-bd34-d0cc8405184e" />
  <Project Path="ConsoleVolumes/ConsoleVolumes.zparchproj" Type="e05aa5a1-99d4-42dc-9d46-82ae1bdc5bab" Id="8d67aa42-309a-4a4a-b3ff-97d2bf139750" />
</Solution>
